
Microsoft Visual Studio Solution File, Format Version 12.00
# Visual Studio Version 16
VisualStudioVersion = 16.0.31019.35
MinimumVisualStudioVersion = 10.0.40219.1
Project("{FAE04EC0-301F-11D3-BF4B-00C04F79EFBC}") = "MarsRover", "MarsRover\MarsRover.csproj", "{1629DB09-B5AD-4EA9-9390-BE7B3481BD66}"
EndProject
Project("{FAE04EC0-301F-11D3-BF4B-00C04F79EFBC}") = "MarsRoverTest", "MarsRoverTest\MarsRoverTest.csproj", "{521AE289-16C3-42C2-B98E-F4E2F2A63855}"
EndProject
Global
	GlobalSection(SolutionConfigurationPlatforms) = preSolution
		Debug|Any CPU = Debug|Any CPU
		Release|Any CPU = Release|Any CPU
	EndGlobalSection
	GlobalSection(ProjectConfigurationPlatforms) = postSolution
		{1629DB09-B5AD-4EA9-9390-BE7B3481BD66}.Debug|Any CPU.ActiveCfg = Debug|Any CPU
		{1629DB09-B5AD-4EA9-9390-BE7B3481BD66}.Debug|Any CPU.Build.0 = Debug|Any CPU
		{1629DB09-B5AD-4EA9-9390-BE7B3481BD66}.Release|Any CPU.ActiveCfg = Release|Any CPU
		{1629DB09-B5AD-4EA9-9390-BE7B3481BD66}.Release|Any CPU.Build.0 = Release|Any CPU
		{521AE289-16C3-42C2-B98E-F4E2F2A63855}.Debug|Any CPU.ActiveCfg = Debug|Any CPU
		{521AE289-16C3-42C2-B98E-F4E2F2A63855}.Debug|Any CPU.Build.0 = Debug|Any CPU
		{521AE289-16C3-42C2-B98E-F4E2F2A63855}.Release|Any CPU.ActiveCfg = Release|Any CPU
		{521AE289-16C3-42C2-B98E-F4E2F2A63855}.Release|Any CPU.Build.0 = Release|Any CPU
	EndGlobalSection
	GlobalSection(SolutionProperties) = preSolution
		HideSolutionNode = FALSE
	EndGlobalSection
	GlobalSection(ExtensibilityGlobals) = postSolution
		SolutionGuid = {3975A17A-1AD0-4F1D-B535-157A00DFBB48}
	EndGlobalSection
EndGlobal
